
Microsoft Visual Studio Solution File, Format Version 12.00
# Visual Studio 15
Project("{FAE04EC0-301F-11D3-BF4B-00C04F79EFBC}") = "Assembly-CSharp-firstpass", "Assembly-CSharp-firstpass.csproj", "{C3108300-3D83-F125-6521-4613974DB960}"
EndProject
Project("{FAE04EC0-301F-11D3-BF4B-00C04F79EFBC}") = "Assembly-CSharp", "Assembly-CSharp.csproj", "{DAB7AEEA-1F1F-673F-6670-D9A32EBA05D7}"
EndProject
Global
	GlobalSection(SolutionConfigurationPlatforms) = preSolution
		Debug|Any CPU = Debug|Any CPU
		Release|Any CPU = Release|Any CPU
	EndGlobalSection
	GlobalSection(ProjectConfigurationPlatforms) = postSolution
		{C3108300-3D83-F125-6521-4613974DB960}.Debug|Any CPU.ActiveCfg = Debug|Any CPU
		{C3108300-3D83-F125-6521-4613974DB960}.Debug|Any CPU.Build.0 = Debug|Any CPU
		{C3108300-3D83-F125-6521-4613974DB960}.Release|Any CPU.ActiveCfg = Release|Any CPU
		{C3108300-3D83-F125-6521-4613974DB960}.Release|Any CPU.Build.0 = Release|Any CPU
		{DAB7AEEA-1F1F-673F-6670-D9A32EBA05D7}.Debug|Any CPU.ActiveCfg = Debug|Any CPU
		{DAB7AEEA-1F1F-673F-6670-D9A32EBA05D7}.Debug|Any CPU.Build.0 = Debug|Any CPU
		{DAB7AEEA-1F1F-673F-6670-D9A32EBA05D7}.Release|Any CPU.ActiveCfg = Release|Any CPU
		{DAB7AEEA-1F1F-673F-6670-D9A32EBA05D7}.Release|Any CPU.Build.0 = Release|Any CPU
	EndGlobalSection
	GlobalSection(SolutionProperties) = preSolution
		HideSolutionNode = FALSE
	EndGlobalSection
EndGlobal
